
Microsoft Visual Studio Solution File, Format Version 12.00
Project("{FAE04EC0-301F-11D3-BF4B-00C04F79EFBC}") = "Location.Domain", "Location.Domain\Location.Domain.csproj", "{FE1EC974-024E-4B70-9A58-5F0E3D06D0D1}"
EndProject
Project("{FAE04EC0-301F-11D3-BF4B-00C04F79EFBC}") = "LocationService.Application", "LocationService.Application\LocationService.Application.csproj", "{90FC5B21-3C0F-48FC-A698-459993684C01}"
EndProject
Global
	GlobalSection(SolutionConfigurationPlatforms) = preSolution
		Debug|Any CPU = Debug|Any CPU
		Release|Any CPU = Release|Any CPU
	EndGlobalSection
	GlobalSection(ProjectConfigurationPlatforms) = postSolution
		{FE1EC974-024E-4B70-9A58-5F0E3D06D0D1}.Debug|Any CPU.ActiveCfg = Debug|Any CPU
		{FE1EC974-024E-4B70-9A58-5F0E3D06D0D1}.Debug|Any CPU.Build.0 = Debug|Any CPU
		{FE1EC974-024E-4B70-9A58-5F0E3D06D0D1}.Release|Any CPU.ActiveCfg = Release|Any CPU
		{FE1EC974-024E-4B70-9A58-5F0E3D06D0D1}.Release|Any CPU.Build.0 = Release|Any CPU
		{90FC5B21-3C0F-48FC-A698-459993684C01}.Debug|Any CPU.ActiveCfg = Debug|Any CPU
		{90FC5B21-3C0F-48FC-A698-459993684C01}.Debug|Any CPU.Build.0 = Debug|Any CPU
		{90FC5B21-3C0F-48FC-A698-459993684C01}.Release|Any CPU.ActiveCfg = Release|Any CPU
		{90FC5B21-3C0F-48FC-A698-459993684C01}.Release|Any CPU.Build.0 = Release|Any CPU
	EndGlobalSection
EndGlobal
